
Microsoft Visual Studio Solution File, Format Version 12.00
# Visual Studio 2013
VisualStudioVersion = 12.0.31101.0
MinimumVisualStudioVersion = 10.0.40219.1
Project("{FAE04EC0-301F-11D3-BF4B-00C04F79EFBC}") = "Prepod", "Курсач_Журавлевич\Prepod.csproj", "{3E2A83FF-7275-452C-90DA-8A747C4DFE36}"
EndProject
Project("{6141683F-8A12-4E36-9623-2EB02B2C2303}") = "Setup", "Setup\Setup.isproj", "{2B78B79A-6291-4820-97EF-175BC804630B}"
EndProject
Global
	GlobalSection(SolutionConfigurationPlatforms) = preSolution
		CD_ROM|x86 = CD_ROM|x86
		Debug|x86 = Debug|x86
		DVD-5|x86 = DVD-5|x86
		Release|x86 = Release|x86
		SingleImage|x86 = SingleImage|x86
	EndGlobalSection
	GlobalSection(ProjectConfigurationPlatforms) = postSolution
		{3E2A83FF-7275-452C-90DA-8A747C4DFE36}.CD_ROM|x86.ActiveCfg = Release|x86
		{3E2A83FF-7275-452C-90DA-8A747C4DFE36}.CD_ROM|x86.Build.0 = Release|x86
		{3E2A83FF-7275-452C-90DA-8A747C4DFE36}.Debug|x86.ActiveCfg = Debug|x86
		{3E2A83FF-7275-452C-90DA-8A747C4DFE36}.Debug|x86.Build.0 = Debug|x86
		{3E2A83FF-7275-452C-90DA-8A747C4DFE36}.DVD-5|x86.ActiveCfg = Debug|x86
		{3E2A83FF-7275-452C-90DA-8A747C4DFE36}.DVD-5|x86.Build.0 = Debug|x86
		{3E2A83FF-7275-452C-90DA-8A747C4DFE36}.Release|x86.ActiveCfg = Release|x86
		{3E2A83FF-7275-452C-90DA-8A747C4DFE36}.Release|x86.Build.0 = Release|x86
		{3E2A83FF-7275-452C-90DA-8A747C4DFE36}.SingleImage|x86.ActiveCfg = Release|x86
		{3E2A83FF-7275-452C-90DA-8A747C4DFE36}.SingleImage|x86.Build.0 = Release|x86
		{2B78B79A-6291-4820-97EF-175BC804630B}.CD_ROM|x86.ActiveCfg = CD_ROM
		{2B78B79A-6291-4820-97EF-175BC804630B}.CD_ROM|x86.Build.0 = CD_ROM
		{2B78B79A-6291-4820-97EF-175BC804630B}.Debug|x86.ActiveCfg = DVD-5
		{2B78B79A-6291-4820-97EF-175BC804630B}.Debug|x86.Build.0 = DVD-5
		{2B78B79A-6291-4820-97EF-175BC804630B}.DVD-5|x86.ActiveCfg = DVD-5
		{2B78B79A-6291-4820-97EF-175BC804630B}.DVD-5|x86.Build.0 = DVD-5
		{2B78B79A-6291-4820-97EF-175BC804630B}.Release|x86.ActiveCfg = SingleImage
		{2B78B79A-6291-4820-97EF-175BC804630B}.Release|x86.Build.0 = SingleImage
		{2B78B79A-6291-4820-97EF-175BC804630B}.SingleImage|x86.ActiveCfg = SingleImage
		{2B78B79A-6291-4820-97EF-175BC804630B}.SingleImage|x86.Build.0 = SingleImage
	EndGlobalSection
	GlobalSection(SolutionProperties) = preSolution
		HideSolutionNode = FALSE
	EndGlobalSection
EndGlobal
